version = 1
requires-python = ">=3.11"

[[package]]
name = "annotated-types"
version = "0.7.0"
source = { registry = "https://pypi.org/simple" }
sdist = { url = "https://files.pythonhosted.org/packages/ee/67/531ea369ba64dcff5ec9c3402f9f51bf748cec26dde048a2f973a4eea7f5/annotated_types-0.7.0.tar.gz", hash = "sha256:aff07c09a53a08bc8cfccb9c85b05f1aa9a2a6f23728d790723543408344ce89", size = 16081 }
wheels = [
    { url = "https://files.pythonhosted.org/packages/78/b6/6307fbef88d9b5ee7421e68d78a9f162e0da4900bc5f5793f6d3d0e34fb8/annotated_types-0.7.0-py3-none-any.whl", hash = "sha256:1f02e8b43a8fbbc3f3e0d4f0f4bfc8131bcb4eebe8849b8e5c773f3a1c582a53", size = 13643 },
]

[[package]]
name = "anyio"
version = "4.9.0"
source = { registry = "https://pypi.org/simple" }
dependencies = [
    { name = "idna" },
    { name = "sniffio" },
    { name = "typing-extensions", marker = "python_full_version < '3.13'" },
]
sdist = { url = "https://files.pythonhosted.org/packages/95/7d/4c1bd541d4dffa1b52bd83fb8527089e097a106fc90b467a7313b105f840/anyio-4.9.0.tar.gz", hash = "sha256:673c0c244e15788651a4ff38710fea9675823028a6f08a5eda409e0c9840a028", size = 190949 }
wheels = [
    { url = "https://files.pythonhosted.org/packages/a1/ee/48ca1a7c89ffec8b6a0c5d02b89c305671d5ffd8d3c94acf8b8c408575bb/anyio-4.9.0-py3-none-any.whl", hash = "sha256:9f76d541cad6e36af7beb62e978876f3b41e3e04f2c1fbf0884604c0a9c4d93c", size = 100916 },
]

[[package]]
name = "certifi"
version = "2025.4.26"
source = { registry = "https://pypi.org/simple" }
sdist = { url = "https://files.pythonhosted.org/packages/e8/9e/c05b3920a3b7d20d3d3310465f50348e5b3694f4f88c6daf736eef3024c4/certifi-2025.4.26.tar.gz", hash = "sha256:0a816057ea3cdefcef70270d2c515e4506bbc954f417fa5ade2021213bb8f0c6", size = 160705 }
wheels = [
    { url = "https://files.pythonhosted.org/packages/4a/7e/3db2bd1b1f9e95f7cddca6d6e75e2f2bd9f51b1246e546d88addca0106bd/certifi-2025.4.26-py3-none-any.whl", hash = "sha256:30350364dfe371162649852c63336a15c70c6510c2ad5015b21c2345311805f3", size = 159618 },
]

[[package]]
name = "colorama"
version = "0.4.6"
source = { registry = "https://pypi.org/simple" }
sdist = { url = "https://files.pythonhosted.org/packages/d8/53/6f443c9a4a8358a93a6792e2acffb9d9d5cb0a5cfd8802644b7b1c9a02e4/colorama-0.4.6.tar.gz", hash = "sha256:08695f5cb7ed6e0531a20572697297273c47b8cae5a63ffc6d6ed5c201be6e44", size = 27697 }
wheels = [
    { url = "https://files.pythonhosted.org/packages/d1/d6/3965ed04c63042e047cb6a3e6ed1a63a35087b6a609aa3a15ed8ac56c221/colorama-0.4.6-py2.py3-none-any.whl", hash = "sha256:4f1d9991f5acc0ca119f9d443620b77f9d6b33703e51011c16baf57afb285fc6", size = 25335 },
]

[[package]]
name = "distro"
version = "1.9.0"
source = { registry = "https://pypi.org/simple" }
sdist = { url = "https://files.pythonhosted.org/packages/fc/f8/98eea607f65de6527f8a2e8885fc8015d3e6f5775df186e443e0964a11c3/distro-1.9.0.tar.gz", hash = "sha256:2fa77c6fd8940f116ee1d6b94a2f90b13b5ea8d019b98bc8bafdcabcdd9bdbed", size = 60722 }
wheels = [
    { url = "https://files.pythonhosted.org/packages/12/b3/231ffd4ab1fc9d679809f356cebee130ac7daa00d6d6f3206dd4fd137e9e/distro-1.9.0-py3-none-any.whl", hash = "sha256:7bffd925d65168f85027d8da9af6bddab658135b840670a223589bc0c8ef02b2", size = 20277 },
]

[[package]]
name = "h11"
version = "0.16.0"
source = { registry = "https://pypi.org/simple" }
sdist = { url = "https://files.pythonhosted.org/packages/01/ee/02a2c011bdab74c6fb3c75474d40b3052059d95df7e73351460c8588d963/h11-0.16.0.tar.gz", hash = "sha256:4e35b956cf45792e4caa5885e69fba00bdbc6ffafbfa020300e549b208ee5ff1", size = 101250 }
wheels = [
    { url = "https://files.pythonhosted.org/packages/04/4b/29cac41a4d98d144bf5f6d33995617b185d14b22401f75ca86f384e87ff1/h11-0.16.0-py3-none-any.whl", hash = "sha256:63cf8bbe7522de3bf65932fda1d9c2772064ffb3dae62d55932da54b31cb6c86", size = 37515 },
]

[[package]]
name = "httpcore"
version = "1.0.9"
source = { registry = "https://pypi.org/simple" }
dependencies = [
    { name = "certifi" },
    { name = "h11" },
]
sdist = { url = "https://files.pythonhosted.org/packages/06/94/82699a10bca87a5556c9c59b5963f2d039dbd239f25bc2a63907a05a14cb/httpcore-1.0.9.tar.gz", hash = "sha256:6e34463af53fd2ab5d807f399a9b45ea31c3dfa2276f15a2c3f00afff6e176e8", size = 85484 }
wheels = [
    { url = "https://files.pythonhosted.org/packages/7e/f5/f66802a942d491edb555dd61e3a9961140fd64c90bce1eafd741609d334d/httpcore-1.0.9-py3-none-any.whl", hash = "sha256:2d400746a40668fc9dec9810239072b40b4484b640a8c38fd654a024c7a1bf55", size = 78784 },
]

[[package]]
name = "httpx"
version = "0.28.1"
source = { registry = "https://pypi.org/simple" }
dependencies = [
    { name = "anyio" },
    { name = "certifi" },
    { name = "httpcore" },
    { name = "idna" },
]
sdist = { url = "https://files.pythonhosted.org/packages/b1/df/48c586a5fe32a0f01324ee087459e112ebb7224f646c0b5023f5e79e9956/httpx-0.28.1.tar.gz", hash = "sha256:75e98c5f16b0f35b567856f597f06ff2270a374470a5c2392242528e3e3e42fc", size = 141406 }
wheels = [
    { url = "https://files.pythonhosted.org/packages/2a/39/e50c7c3a983047577ee07d2a9e53faf5a69493943ec3f6a384bdc792deb2/httpx-0.28.1-py3-none-any.whl", hash = "sha256:d909fcccc110f8c7faf814ca82a9a4d816bc5a6dbfea25d6591d6985b8ba59ad", size = 73517 },
]

[[package]]
name = "idna"
version = "3.10"
source = { registry = "https://pypi.org/simple" }
sdist = { url = "https://files.pythonhosted.org/packages/f1/70/7703c29685631f5a7590aa73f1f1d3fa9a380e654b86af429e0934a32f7d/idna-3.10.tar.gz", hash = "sha256:12f65c9b470abda6dc35cf8e63cc574b1c52b11df2c86030af0ac09b01b13ea9", size = 190490 }
wheels = [
    { url = "https://files.pythonhosted.org/packages/76/c6/c88e154df9c4e1a2a66ccf0005a88dfb2650c1dffb6f5ce603dfbd452ce3/idna-3.10-py3-none-any.whl", hash = "sha256:946d195a0d259cbba61165e88e65941f16e9b36ea6ddb97f00452bae8b1287d3", size = 70442 },
]

[[package]]
name = "jiter"
version = "0.9.1"
source = { registry = "https://pypi.org/simple" }
sdist = { url = "https://files.pythonhosted.org/packages/84/72/c28662416d9807bb5a38625eadedb82d4bd14fd2700c308ece7acdb8e89f/jiter-0.9.1.tar.gz", hash = "sha256:7852990068b6e06102ecdc44c1619855a2af63347bfb5e7e009928dcacf04fdd", size = 162540 }
wheels = [
    { url = "https://files.pythonhosted.org/packages/ee/3b/9f9deaef471e346354c832b6627e0d1b9ba3d9611d0e0fd394c2acf2a615/jiter-0.9.1-cp311-cp311-macosx_10_12_x86_64.whl", hash = "sha256:6b8564e3198c4c8d835fc95cc54d6bcbd2fd8dc33a047fecc12c208491196995", size = 312737 },
    { url = "https://files.pythonhosted.org/packages/36/00/76fa6d519f8289aad32ec1caf3716eb700ba48e3212d1dda71e74c385a5c/jiter-0.9.1-cp311-cp311-macosx_11_0_arm64.whl", hash = "sha256:90b92044588d14efe89b394eca735adc4ac096eba82dc75d93c3083b1eebce8d", size = 313357 },
    { url = "https://files.pythonhosted.org/packages/b3/e9/f864ebe9ddf07761d5bdd3148b45a5d433c6cbce7c7e8be29baf806fa612/jiter-0.9.1-cp311-cp311-manylinux_2_17_aarch64.manylinux2014_aarch64.whl", hash = "sha256:3505f7f419b355c7788fcaae0dfc4c6ccbc50c0dc3633a2da797e841c5a423dc", size = 1085946 },
    { url = "https://files.pythonhosted.org/packages/82/a1/ed02d4c86d620989dcd392366daa67198961eedaf2e66f7a68f0d3846dba/jiter-0.9.1-cp311-cp311-manylinux_2_17_armv7l.manylinux2014_armv7l.whl", hash = "sha256:93af8c3f4a3bf145c690e857a945eb5c655534bf95c67e1447d85c02e5af64d7", size = 1118090 },
    { url = "https://files.pythonhosted.org/packages/d3/01/d107531d215a57cda3cbc4adfcf3119166dd32adc1c332c1f3f36efd3484/jiter-0.9.1-cp311-cp311-manylinux_2_17_ppc64le.manylinux2014_ppc64le.whl", hash = "sha256:43b81dd21e260a249780764921b1f9a6379cb31e24e7b61e6bf0799f38ec4b91", size = 1212231 },
    { url = "https://files.pythonhosted.org/packages/45/1e/6801a81a2ef1f917fe9a7d2139e576dd4f53497c309dab9461136922709c/jiter-0.9.1-cp311-cp311-manylinux_2_17_s390x.manylinux2014_s390x.whl", hash = "sha256:db639fad5631b3d1692609f6dd77b64e8578321b7aeec07a026acd2c867c04a5", size = 1219263 },
    { url = "https://files.pythonhosted.org/packages/a5/d4/40082e8666cfdb24461855e9bb29fe77f063cc65a6c903291f2e5225f780/jiter-0.9.1-cp311-cp311-manylinux_2_17_x86_64.manylinux2014_x86_64.whl", hash = "sha256:15356b943e70ca7ab3b587ffaffadc0158467f6c4e0b491e52a0743c4bdf5ba1", size = 350364 },
    { url = "https://files.pythonhosted.org/packages/c4/09/09bc72dd143f76acd55e04c3a45b9f9ee3ed28e00b49924e3702ad041812/jiter-0.9.1-cp311-cp311-manylinux_2_5_i686.manylinux1_i686.whl", hash = "sha256:53a7033a46141ff815518a6972d657c75d8f5946b9315e1c25b07e9677c1ff6c", size = 1146802 },
    { url = "https://files.pythonhosted.org/packages/5b/34/9d15a9c04d5760537b432134447bde94b936ec73dc922b4d14a48def2e1f/jiter-0.9.1-cp311-cp311-musllinux_1_1_aarch64.whl", hash = "sha256:68cf519a6f00b8127f9be64a37e97e978094438abced5adebe088a98c64bdcff", size = 1256019 },
    { url = "https://files.pythonhosted.org/packages/8f/01/1fcd165fb28968a54bb46a209d5919f7649b96608eef7dc4622ea378b95a/jiter-0.9.1-cp311-cp311-musllinux_1_1_x86_64.whl", hash = "sha256:9098abdd34cd9ddeb04768cc4f5fc725ebd9a52978c488da74e58a837ce93506", size = 1257610 },
    { url = "https://files.pythonhosted.org/packages/9f/87/93ac6a57331dd90e4c896ac852bf8ce6b28b40dace4b9698a207dbb99af2/jiter-0.9.1-cp311-cp311-win32.whl", hash = "sha256:7179ce96aecd096af890dd57b84133e47a59fbde32a77734f09bafa6a4da619e", size = 214515 },
    { url = "https://files.pythonhosted.org/packages/bb/ee/3678b8a3bd5f6471d0a492540e7ff9c63db278d844214458ec5cfb22adb2/jiter-0.9.1-cp311-cp311-win_amd64.whl", hash = "sha256:e6517f5b7b6f60fd77fc1099572f445be19553c6f61b907ab5b413fb7179663f", size = 212258 },
    { url = "https://files.pythonhosted.org/packages/ba/a7/5b3ce91b5bb83bf47e85ab2efda26a1706fb52498a2abe79df09af7dfa8f/jiter-0.9.1-cp312-cp312-macosx_10_12_x86_64.whl", hash = "sha256:f330c5023ce4153ceb3e8abe76ecab8c5b525824bcec4e781791d044e5b5fc3a", size = 307494 },
    { url = "https://files.pythonhosted.org/packages/fd/9a/006ebbb5ab55fd9f47c219f9de7fdedd38694c158ddd6760a15f7a6fcdc8/jiter-0.9.1-cp312-cp312-macosx_11_0_arm64.whl", hash = "sha256:77de4d2d529ece2d43fc0dbe90971e9e18f42ed6dd50b40fe232e799efb72c29", size = 312782 },
    { url = "https://files.pythonhosted.org/packages/17/da/a437705850c8cf6b8c93769ff6fcb3abcbfeb9c12b690c5f1631682d4286/jiter-0.9.1-cp312-cp312-manylinux_2_17_aarch64.manylinux2014_aarch64.whl", hash = "sha256:3ed3eec217a70762a01ecfbecea27eda91d7d5792bdef41096d2c672a9e3c1fe", size = 1087076 },
    { url = "https://files.pythonhosted.org/packages/e6/8b/f463a03de974d437abc312a0ca6212e2b014b7023a880fd6956ebfde15c7/jiter-0.9.1-cp312-cp312-manylinux_2_17_armv7l.manylinux2014_armv7l.whl", hash = "sha256:d000bb8b9b3a90fb61ff864869461c56ad2dad5f0fa71127464cb65e69ec864b", size = 1118826 },
    { url = "https://files.pythonhosted.org/packages/6a/04/4d9289d8610f2b10886b4bd32b0c6e036fdeabc86cc9a902e50434a066bd/jiter-0.9.1-cp312-cp312-manylinux_2_17_ppc64le.manylinux2014_ppc64le.whl", hash = "sha256:3610aed85fad26d5e107ce4e246c236b612e539b382d490761aacc4aa5d7cdbf", size = 1213155 },
    { url = "https://files.pythonhosted.org/packages/f3/4c/851c0a7c95e333d5213558fc76d217a7760de8b704299c007537af49e1de/jiter-0.9.1-cp312-cp312-manylinux_2_17_s390x.manylinux2014_s390x.whl", hash = "sha256:ae8f1f42f4b0ed244f88bb863d0777292e76e43ee2dc0dac4d63fe29bee183e5", size = 1215024 },
    { url = "https://files.pythonhosted.org/packages/8f/24/9c62f5775645715ded77a4cf03b9f3c36d4909ee35b07f65bb4ccaad4bfd/jiter-0.9.1-cp312-cp312-manylinux_2_17_x86_64.manylinux2014_x86_64.whl", hash = "sha256:2082da43e7b6174c3522a6905a9ee9187c9771e32cad7ab58360f189595a7c3f", size = 350280 },
    { url = "https://files.pythonhosted.org/packages/d9/79/54a4b1074f1f048ca822a2f4a738fa7b623203540a59ec99d0b0277c38ef/jiter-0.9.1-cp312-cp312-manylinux_2_5_i686.manylinux1_i686.whl", hash = "sha256:d82b2b8bc089c4ebff99907bdb890730e05c58169d5493473c916518f8d29f5c", size = 1150978 },
    { url = "https://files.pythonhosted.org/packages/9c/1b/caaa8d274ba82486dfb582e32f431412f2e178344ebf6a231b8606c048fd/jiter-0.9.1-cp312-cp312-musllinux_1_1_aarch64.whl", hash = "sha256:8b7214d4064759ff34846311cabcf49715e8a7286a4431bc7444537ee2f21b1a", size = 1257583 },
    { url = "https://files.pythonhosted.org/packages/19/f7/a5f991075b16b76b15e4da7939243f373ff4369ce41145be428c7c43d905/jiter-0.9.1-cp312-cp312-musllinux_1_1_x86_64.whl", hash = "sha256:136a635797b27aeb5cacea4d0ffeff5c80081089217c5891bd28968e5df97824", size = 1258268 },
    { url = "https://files.pythonhosted.org/packages/94/8f/6fabe1aa77637be629e73db2ee3059889b893c4be391f0e038b71948d208/jiter-0.9.1-cp312-cp312-win32.whl", hash = "sha256:5da9a4e2939c4af7617fe01f7e3978fba224d93def72bc748d173f148a8b637f", size = 214250 },
    { url = "https://files.pythonhosted.org/packages/7d/18/6f118d22acf5930d5a46c4f6853eead883af8c097d83e2a2971308864423/jiter-0.9.1-cp312-cp312-win_amd64.whl", hash = "sha256:d1434a05965d0c1f033061f21553fef5c3a352f3e880a0f503e79e6b639db10c", size = 211070 },
    { url = "https://files.pythonhosted.org/packages/e2/36/4b5c7c96ce4795376e546bcabd96d8fe8667c9fdeb946523ca382cc30eaa/jiter-0.9.1-cp313-cp313-macosx_10_12_x86_64.whl", hash = "sha256:cb0629af6a12804ace5f093884c2f14d5075d95951a086054e106cfdb6b8862f", size = 307047 },
    { url = "https://files.pythonhosted.org/packages/3e/20/7635fb02fe62cd90899dc1c64c972c1470106eede55ce35fc6e3868251af/jiter-0.9.1-cp313-cp313-macosx_11_0_arm64.whl", hash = "sha256:d15cc2b5602fb5a16689afb507b27c650167152203394efa429a5139553dd993", size = 311796 },
    { url = "https://files.pythonhosted.org/packages/e4/43/7e4a38c63b9f1a5795d406a7cf1e8a42af0e51d05d5c5b866708a345d49e/jiter-0.9.1-cp313-cp313-manylinux_2_17_aarch64.manylinux2014_aarch64.whl", hash = "sha256:ffbf9279273b41fb8c4360ad2590a8eea82b36665728f57b0d7b095a904016d9", size = 1086812 },
    { url = "https://files.pythonhosted.org/packages/30/17/3d5ad7a1e12bb172040c2e206068ee766a320c6b6327a0a52a9c05bf4cd6/jiter-0.9.1-cp313-cp313-manylinux_2_17_armv7l.manylinux2014_armv7l.whl", hash = "sha256:3fca2935783d4309eed77ed2acd625f93a07b79693f7d8e58e3c18ac8981e9ea", size = 1118218 },
    { url = "https://files.pythonhosted.org/packages/a0/f7/9f46d976a91f339898783962043c36b8c9fe103135f264ae25dddad9838e/jiter-0.9.1-cp313-cp313-manylinux_2_17_ppc64le.manylinux2014_ppc64le.whl", hash = "sha256:f3f5f14d63924d3b226236c746ceb37f5ac9d3ce1251762819024f84904b4a0f", size = 1211346 },
    { url = "https://files.pythonhosted.org/packages/93/71/cf594ec8c76188b5e42fc4f00a9cdfb3f675631234f5a1ac5413fe6684cb/jiter-0.9.1-cp313-cp313-manylinux_2_17_s390x.manylinux2014_s390x.whl", hash = "sha256:0d43dcddb437096ac48e85f6be8355d806ab9246051f95263933fa5e18d026aa", size = 1214466 },
    { url = "https://files.pythonhosted.org/packages/e2/e5/efd89f27838ea9d8257c9bc8edd58a953e06ca304c7d2b397fdd2a932e51/jiter-0.9.1-cp313-cp313-manylinux_2_17_x86_64.manylinux2014_x86_64.whl", hash = "sha256:19773c6f730523effbca88c4a15658b481cf81e4c981fcd1212dd4beaa0cd37a", size = 350245 },
    { url = "https://files.pythonhosted.org/packages/b3/78/b7960c8a04d593687659007e6b7f911ef3f877eb11cd2503267ad5b2da0b/jiter-0.9.1-cp313-cp313-manylinux_2_5_i686.manylinux1_i686.whl", hash = "sha256:01fcc08b6d3e29562d72edfcd6c5b0aab30b964fb0c99ad8287c2dffeb6fd38c", size = 1149223 },
    { url = "https://files.pythonhosted.org/packages/65/60/4777b5a70febeece230593a82a69d0d19b5b6e36a8b3afcc4b43528c2657/jiter-0.9.1-cp313-cp313-musllinux_1_1_aarch64.whl", hash = "sha256:448afc1a801a518ed438667229f380bb0b8503f379d170ac947575cb7e1e4edf", size = 1257025 },
    { url = "https://files.pythonhosted.org/packages/e8/c1/8fe3483537d85bc381bdab2a4952707d92944b1ac32074f7b33de188c2d0/jiter-0.9.1-cp313-cp313-musllinux_1_1_x86_64.whl", hash = "sha256:f321fb984ed7544e77346714a25ffa5bbefddd1adcc32c8fba49030a119a31c6", size = 1257882 },
    { url = "https://files.pythonhosted.org/packages/7b/1a/4453114fb7b3722f8d232b3c08114535e455d7d2d4d83b44cede53ed42ae/jiter-0.9.1-cp313-cp313-win32.whl", hash = "sha256:7db7c9a95d72668545606aeaf110549f4f42679eaa3ce5c32f8f26c1838550d8", size = 214946 },
    { url = "https://files.pythonhosted.org/packages/15/d0/237d7dbaaafb08a6f719c8495663b76d70d6c5880a02c7b092f21292458b/jiter-0.9.1-cp313-cp313-win_amd64.whl", hash = "sha256:a6b750ef1201fe4c431f869705607ece4adaf592e497efb6bc4138efaebb4f59", size = 209888 },
    { url = "https://files.pythonhosted.org/packages/51/32/e90c89adbea8342b6e470f3be9c213b628ae3842810553df15d5afb386ce/jiter-0.9.1-cp313-cp313t-macosx_11_0_arm64.whl", hash = "sha256:4096dba935aa2730c7642146b065855a0f5853fd9bbe22de9e3dd39fcacc37fe", size = 311645 },
    { url = "https://files.pythonhosted.org/packages/29/40/98fee5bab390c27d20ba82c73d12afd1db89aabeef641ae7629a31a7100f/jiter-0.9.1-cp313-cp313t-manylinux_2_17_x86_64.manylinux2014_x86_64.whl", hash = "sha256:13ad975e0d9d2f7e54b30d9ae8e2e1c97be422e75606bddc67427721ad13cd1c", size = 352754 },
    { url = "https://files.pythonhosted.org/packages/9b/17/b0fa4ee5bdcb252b2407fc9528f11d8af717b7218455d23018cf314ccf6a/jiter-0.9.1-cp313-cp313t-win_amd64.whl", hash = "sha256:f11992b20f8a2d336b98b31bff4d8bfcc4bd5aef7840594e32d6cb44fb9b96cf", size = 212573 },
]

[[package]]
name = "openai"
version = "1.79.0"
source = { registry = "https://pypi.org/simple" }
dependencies = [
    { name = "anyio" },
    { name = "distro" },
    { name = "httpx" },
    { name = "jiter" },
    { name = "pydantic" },
    { name = "sniffio" },
    { name = "tqdm" },
    { name = "typing-extensions" },
]
sdist = { url = "https://files.pythonhosted.org/packages/52/cf/4901077dbbfd0d82a814d721600fa0c3a61a093d7f0bf84d0e4732448dc9/openai-1.79.0.tar.gz", hash = "sha256:e3b627aa82858d3e42d16616edc22aa9f7477ee5eb3e6819e9f44a961d899a4c", size = 444736 }
wheels = [
    { url = "https://files.pythonhosted.org/packages/81/d2/e3992bb7c6641b765c1008e3c96e076e0b50381be2cce344e6ff177bad80/openai-1.79.0-py3-none-any.whl", hash = "sha256:d5050b92d5ef83f869cb8dcd0aca0b2291c3413412500eec40c66981b3966992", size = 683334 },
]

[[package]]
name = "pydantic"
version = "2.11.4"
source = { registry = "https://pypi.org/simple" }
dependencies = [
    { name = "annotated-types" },
    { name = "pydantic-core" },
    { name = "typing-extensions" },
    { name = "typing-inspection" },
]
sdist = { url = "https://files.pythonhosted.org/packages/77/ab/5250d56ad03884ab5efd07f734203943c8a8ab40d551e208af81d0257bf2/pydantic-2.11.4.tar.gz", hash = "sha256:32738d19d63a226a52eed76645a98ee07c1f410ee41d93b4afbfa85ed8111c2d", size = 786540 }
wheels = [
    { url = "https://files.pythonhosted.org/packages/e7/12/46b65f3534d099349e38ef6ec98b1a5a81f42536d17e0ba382c28c67ba67/pydantic-2.11.4-py3-none-any.whl", hash = "sha256:d9615eaa9ac5a063471da949c8fc16376a84afb5024688b3ff885693506764eb", size = 443900 },
]

[[package]]
name = "pydantic-core"
version = "2.33.2"
source = { registry = "https://pypi.org/simple" }
dependencies = [
    { name = "typing-extensions" },
]
sdist = { url = "https://files.pythonhosted.org/packages/ad/88/5f2260bdfae97aabf98f1778d43f69574390ad787afb646292a638c923d4/pydantic_core-2.33.2.tar.gz", hash = "sha256:7cb8bc3605c29176e1b105350d2e6474142d7c1bd1d9327c4a9bdb46bf827acc", size = 435195 }
wheels = [
    { url = "https://files.pythonhosted.org/packages/3f/8d/71db63483d518cbbf290261a1fc2839d17ff89fce7089e08cad07ccfce67/pydantic_core-2.33.2-cp311-cp311-macosx_10_12_x86_64.whl", hash = "sha256:4c5b0a576fb381edd6d27f0a85915c6daf2f8138dc5c267a57c08a62900758c7", size = 2028584 },
    { url = "https://files.pythonhosted.org/packages/24/2f/3cfa7244ae292dd850989f328722d2aef313f74ffc471184dc509e1e4e5a/pydantic_core-2.33.2-cp311-cp311-macosx_11_0_arm64.whl", hash = "sha256:e799c050df38a639db758c617ec771fd8fb7a5f8eaaa4b27b101f266b216a246", size = 1855071 },
    { url = "https://files.pythonhosted.org/packages/b3/d3/4ae42d33f5e3f50dd467761304be2fa0a9417fbf09735bc2cce003480f2a/pydantic_core-2.33.2-cp311-cp311-manylinux_2_17_aarch64.manylinux2014_aarch64.whl", hash = "sha256:dc46a01bf8d62f227d5ecee74178ffc448ff4e5197c756331f71efcc66dc980f", size = 1897823 },
    { url = "https://files.pythonhosted.org/packages/f4/f3/aa5976e8352b7695ff808599794b1fba2a9ae2ee954a3426855935799488/pydantic_core-2.33.2-cp311-cp311-manylinux_2_17_armv7l.manylinux2014_armv7l.whl", hash = "sha256:a144d4f717285c6d9234a66778059f33a89096dfb9b39117663fd8413d582dcc", size = 1983792 },
    { url = "https://files.pythonhosted.org/packages/d5/7a/cda9b5a23c552037717f2b2a5257e9b2bfe45e687386df9591eff7b46d28/pydantic_core-2.33.2-cp311-cp311-manylinux_2_17_ppc64le.manylinux2014_ppc64le.whl", hash = "sha256:73cf6373c21bc80b2e0dc88444f41ae60b2f070ed02095754eb5a01df12256de", size = 2136338 },
    { url = "https://files.pythonhosted.org/packages/2b/9f/b8f9ec8dd1417eb9da784e91e1667d58a2a4a7b7b34cf4af765ef663a7e5/pydantic_core-2.33.2-cp311-cp311-manylinux_2_17_s390x.manylinux2014_s390x.whl", hash = "sha256:3dc625f4aa79713512d1976fe9f0bc99f706a9dee21dfd1810b4bbbf228d0e8a", size = 2730998 },
    { url = "https://files.pythonhosted.org/packages/47/bc/cd720e078576bdb8255d5032c5d63ee5c0bf4b7173dd955185a1d658c456/pydantic_core-2.33.2-cp311-cp311-manylinux_2_17_x86_64.manylinux2014_x86_64.whl", hash = "sha256:881b21b5549499972441da4758d662aeea93f1923f953e9cbaff14b8b9565aef", size = 2003200 },
    { url = "https://files.pythonhosted.org/packages/ca/22/3602b895ee2cd29d11a2b349372446ae9727c32e78a94b3d588a40fdf187/pydantic_core-2.33.2-cp311-cp311-manylinux_2_5_i686.manylinux1_i686.whl", hash = "sha256:bdc25f3681f7b78572699569514036afe3c243bc3059d3942624e936ec93450e", size = 2113890 },
    { url = "https://files.pythonhosted.org/packages/ff/e6/e3c5908c03cf00d629eb38393a98fccc38ee0ce8ecce32f69fc7d7b558a7/pydantic_core-2.33.2-cp311-cp311-musllinux_1_1_aarch64.whl", hash = "sha256:fe5b32187cbc0c862ee201ad66c30cf218e5ed468ec8dc1cf49dec66e160cc4d", size = 2073359 },
    { url = "https://files.pythonhosted.org/packages/12/e7/6a36a07c59ebefc8777d1ffdaf5ae71b06b21952582e4b07eba88a421c79/pydantic_core-2.33.2-cp311-cp311-musllinux_1_1_armv7l.whl", hash = "sha256:bc7aee6f634a6f4a95676fcb5d6559a2c2a390330098dba5e5a5f28a2e4ada30", size = 2245883 },
    { url = "https://files.pythonhosted.org/packages/16/3f/59b3187aaa6cc0c1e6616e8045b284de2b6a87b027cce2ffcea073adf1d2/pydantic_core-2.33.2-cp311-cp311-musllinux_1_1_x86_64.whl", hash = "sha256:235f45e5dbcccf6bd99f9f472858849f73d11120d76ea8707115415f8e5ebebf", size = 2241074 },
    { url = "https://files.pythonhosted.org/packages/e0/ed/55532bb88f674d5d8f67ab121a2a13c385df382de2a1677f30ad385f7438/pydantic_core-2.33.2-cp311-cp311-win32.whl", hash = "sha256:6368900c2d3ef09b69cb0b913f9f8263b03786e5b2a387706c5afb66800efd51", size = 1910538 },
    { url = "https://files.pythonhosted.org/packages/fe/1b/25b7cccd4519c0b23c2dd636ad39d381abf113085ce4f7bec2b0dc755eb1/pydantic_core-2.33.2-cp311-cp311-win_amd64.whl", hash = "sha256:1e063337ef9e9820c77acc768546325ebe04ee38b08703244c1309cccc4f1bab", size = 1952909 },
    { url = "https://files.pythonhosted.org/packages/49/a9/d809358e49126438055884c4366a1f6227f0f84f635a9014e2deb9b9de54/pydantic_core-2.33.2-cp311-cp311-win_arm64.whl", hash = "sha256:6b99022f1d19bc32a4c2a0d544fc9a76e3be90f0b3f4af413f87d38749300e65", size = 1897786 },
    { url = "https://files.pythonhosted.org/packages/18/8a/2b41c97f554ec8c71f2a8a5f85cb56a8b0956addfe8b0efb5b3d77e8bdc3/pydantic_core-2.33.2-cp312-cp312-macosx_10_12_x86_64.whl", hash = "sha256:a7ec89dc587667f22b6a0b6579c249fca9026ce7c333fc142ba42411fa243cdc", size = 2009000 },
    { url = "https://files.pythonhosted.org/packages/a1/02/6224312aacb3c8ecbaa959897af57181fb6cf3a3d7917fd44d0f2917e6f2/pydantic_core-2.33.2-cp312-cp312-macosx_11_0_arm64.whl", hash = "sha256:3c6db6e52c6d70aa0d00d45cdb9b40f0433b96380071ea80b09277dba021ddf7", size = 1847996 },
    { url = "https://files.pythonhosted.org/packages/d6/46/6dcdf084a523dbe0a0be59d054734b86a981726f221f4562aed313dbcb49/pydantic_core-2.33.2-cp312-cp312-manylinux_2_17_aarch64.manylinux2014_aarch64.whl", hash = "sha256:4e61206137cbc65e6d5256e1166f88331d3b6238e082d9f74613b9b765fb9025", size = 1880957 },
    { url = "https://files.pythonhosted.org/packages/ec/6b/1ec2c03837ac00886ba8160ce041ce4e325b41d06a034adbef11339ae422/pydantic_core-2.33.2-cp312-cp312-manylinux_2_17_armv7l.manylinux2014_armv7l.whl", hash = "sha256:eb8c529b2819c37140eb51b914153063d27ed88e3bdc31b71198a198e921e011", size = 1964199 },
    { url = "https://files.pythonhosted.org/packages/2d/1d/6bf34d6adb9debd9136bd197ca72642203ce9aaaa85cfcbfcf20f9696e83/pydantic_core-2.33.2-cp312-cp312-manylinux_2_17_ppc64le.manylinux2014_ppc64le.whl", hash = "sha256:c52b02ad8b4e2cf14ca7b3d918f3eb0ee91e63b3167c32591e57c4317e134f8f", size = 2120296 },
    { url = "https://files.pythonhosted.org/packages/e0/94/2bd0aaf5a591e974b32a9f7123f16637776c304471a0ab33cf263cf5591a/pydantic_core-2.33.2-cp312-cp312-manylinux_2_17_s390x.manylinux2014_s390x.whl", hash = "sha256:96081f1605125ba0855dfda83f6f3df5ec90c61195421ba72223de35ccfb2f88", size = 2676109 },
    { url = "https://files.pythonhosted.org/packages/f9/41/4b043778cf9c4285d59742281a769eac371b9e47e35f98ad321349cc5d61/pydantic_core-2.33.2-cp312-cp312-manylinux_2_17_x86_64.manylinux2014_x86_64.whl", hash = "sha256:8f57a69461af2a5fa6e6bbd7a5f60d3b7e6cebb687f55106933188e79ad155c1", size = 2002028 },
    { url = "https://files.pythonhosted.org/packages/cb/d5/7bb781bf2748ce3d03af04d5c969fa1308880e1dca35a9bd94e1a96a922e/pydantic_core-2.33.2-cp312-cp312-manylinux_2_5_i686.manylinux1_i686.whl", hash = "sha256:572c7e6c8bb4774d2ac88929e3d1f12bc45714ae5ee6d9a788a9fb35e60bb04b", size = 2100044 },
    { url = "https://files.pythonhosted.org/packages/fe/36/def5e53e1eb0ad896785702a5bbfd25eed546cdcf4087ad285021a90ed53/pydantic_core-2.33.2-cp312-cp312-musllinux_1_1_aarch64.whl", hash = "sha256:db4b41f9bd95fbe5acd76d89920336ba96f03e149097365afe1cb092fceb89a1", size = 2058881 },
    { url = "https://files.pythonhosted.org/packages/01/6c/57f8d70b2ee57fc3dc8b9610315949837fa8c11d86927b9bb044f8705419/pydantic_core-2.33.2-cp312-cp312-musllinux_1_1_armv7l.whl", hash = "sha256:fa854f5cf7e33842a892e5c73f45327760bc7bc516339fda888c75ae60edaeb6", size = 2227034 },
    { url = "https://files.pythonhosted.org/packages/27/b9/9c17f0396a82b3d5cbea4c24d742083422639e7bb1d5bf600e12cb176a13/pydantic_core-2.33.2-cp312-cp312-musllinux_1_1_x86_64.whl", hash = "sha256:5f483cfb75ff703095c59e365360cb73e00185e01aaea067cd19acffd2ab20ea", size = 2234187 },
    { url = "https://files.pythonhosted.org/packages/b0/6a/adf5734ffd52bf86d865093ad70b2ce543415e0e356f6cacabbc0d9ad910/pydantic_core-2.33.2-cp312-cp312-win32.whl", hash = "sha256:9cb1da0f5a471435a7bc7e439b8a728e8b61e59784b2af70d7c169f8dd8ae290", size = 1892628 },
    { url = "https://files.pythonhosted.org/packages/43/e4/5479fecb3606c1368d496a825d8411e126133c41224c1e7238be58b87d7e/pydantic_core-2.33.2-cp312-cp312-win_amd64.whl", hash = "sha256:f941635f2a3d96b2973e867144fde513665c87f13fe0e193c158ac51bfaaa7b2", size = 1955866 },
    { url = "https://files.pythonhosted.org/packages/0d/24/8b11e8b3e2be9dd82df4b11408a67c61bb4dc4f8e11b5b0fc888b38118b5/pydantic_core-2.33.2-cp312-cp312-win_arm64.whl", hash = "sha256:cca3868ddfaccfbc4bfb1d608e2ccaaebe0ae628e1416aeb9c4d88c001bb45ab", size = 1888894 },
    { url = "https://files.pythonhosted.org/packages/46/8c/99040727b41f56616573a28771b1bfa08a3d3fe74d3d513f01251f79f172/pydantic_core-2.33.2-cp313-cp313-macosx_10_12_x86_64.whl", hash = "sha256:1082dd3e2d7109ad8b7da48e1d4710c8d06c253cbc4a27c1cff4fbcaa97a9e3f", size = 2015688 },
    { url = "https://files.pythonhosted.org/packages/3a/cc/5999d1eb705a6cefc31f0b4a90e9f7fc400539b1a1030529700cc1b51838/pydantic_core-2.33.2-cp313-cp313-macosx_11_0_arm64.whl", hash = "sha256:f517ca031dfc037a9c07e748cefd8d96235088b83b4f4ba8939105d20fa1dcd6", size = 1844808 },
    { url = "https://files.pythonhosted.org/packages/6f/5e/a0a7b8885c98889a18b6e376f344da1ef323d270b44edf8174d6bce4d622/pydantic_core-2.33.2-cp313-cp313-manylinux_2_17_aarch64.manylinux2014_aarch64.whl", hash = "sha256:0a9f2c9dd19656823cb8250b0724ee9c60a82f3cdf68a080979d13092a3b0fef", size = 1885580 },
    { url = "https://files.pythonhosted.org/packages/3b/2a/953581f343c7d11a304581156618c3f592435523dd9d79865903272c256a/pydantic_core-2.33.2-cp313-cp313-manylinux_2_17_armv7l.manylinux2014_armv7l.whl", hash = "sha256:2b0a451c263b01acebe51895bfb0e1cc842a5c666efe06cdf13846c7418caa9a", size = 1973859 },
    { url = "https://files.pythonhosted.org/packages/e6/55/f1a813904771c03a3f97f676c62cca0c0a4138654107c1b61f19c644868b/pydantic_core-2.33.2-cp313-cp313-manylinux_2_17_ppc64le.manylinux2014_ppc64le.whl", hash = "sha256:1ea40a64d23faa25e62a70ad163571c0b342b8bf66d5fa612ac0dec4f069d916", size = 2120810 },
    { url = "https://files.pythonhosted.org/packages/aa/c3/053389835a996e18853ba107a63caae0b9deb4a276c6b472931ea9ae6e48/pydantic_core-2.33.2-cp313-cp313-manylinux_2_17_s390x.manylinux2014_s390x.whl", hash = "sha256:0fb2d542b4d66f9470e8065c5469ec676978d625a8b7a363f07d9a501a9cb36a", size = 2676498 },
    { url = "https://files.pythonhosted.org/packages/eb/3c/f4abd740877a35abade05e437245b192f9d0ffb48bbbbd708df33d3cda37/pydantic_core-2.33.2-cp313-cp313-manylinux_2_17_x86_64.manylinux2014_x86_64.whl", hash = "sha256:9fdac5d6ffa1b5a83bca06ffe7583f5576555e6c8b3a91fbd25ea7780f825f7d", size = 2000611 },
    { url = "https://files.pythonhosted.org/packages/59/a7/63ef2fed1837d1121a894d0ce88439fe3e3b3e48c7543b2a4479eb99c2bd/pydantic_core-2.33.2-cp313-cp313-manylinux_2_5_i686.manylinux1_i686.whl", hash = "sha256:04a1a413977ab517154eebb2d326da71638271477d6ad87a769102f7c2488c56", size = 2107924 },
    { url = "https://files.pythonhosted.org/packages/04/8f/2551964ef045669801675f1cfc3b0d74147f4901c3ffa42be2ddb1f0efc4/pydantic_core-2.33.2-cp313-cp313-musllinux_1_1_aarch64.whl", hash = "sha256:c8e7af2f4e0194c22b5b37205bfb293d166a7344a5b0d0eaccebc376546d77d5", size = 2063196 },
    { url = "https://files.pythonhosted.org/packages/26/bd/d9602777e77fc6dbb0c7db9ad356e9a985825547dce5ad1d30ee04903918/pydantic_core-2.33.2-cp313-cp313-musllinux_1_1_armv7l.whl", hash = "sha256:5c92edd15cd58b3c2d34873597a1e20f13094f59cf88068adb18947df5455b4e", size = 2236389 },
    { url = "https://files.pythonhosted.org/packages/42/db/0e950daa7e2230423ab342ae918a794964b053bec24ba8af013fc7c94846/pydantic_core-2.33.2-cp313-cp313-musllinux_1_1_x86_64.whl", hash = "sha256:65132b7b4a1c0beded5e057324b7e16e10910c106d43675d9bd87d4f38dde162", size = 2239223 },
    { url = "https://files.pythonhosted.org/packages/58/4d/4f937099c545a8a17eb52cb67fe0447fd9a373b348ccfa9a87f141eeb00f/pydantic_core-2.33.2-cp313-cp313-win32.whl", hash = "sha256:52fb90784e0a242bb96ec53f42196a17278855b0f31ac7c3cc6f5c1ec4811849", size = 1900473 },
    { url = "https://files.pythonhosted.org/packages/a0/75/4a0a9bac998d78d889def5e4ef2b065acba8cae8c93696906c3a91f310ca/pydantic_core-2.33.2-cp313-cp313-win_amd64.whl", hash = "sha256:c083a3bdd5a93dfe480f1125926afcdbf2917ae714bdb80b36d34318b2bec5d9", size = 1955269 },
    { url = "https://files.pythonhosted.org/packages/f9/86/1beda0576969592f1497b4ce8e7bc8cbdf614c352426271b1b10d5f0aa64/pydantic_core-2.33.2-cp313-cp313-win_arm64.whl", hash = "sha256:e80b087132752f6b3d714f041ccf74403799d3b23a72722ea2e6ba2e892555b9", size = 1893921 },
    { url = "https://files.pythonhosted.org/packages/a4/7d/e09391c2eebeab681df2b74bfe6c43422fffede8dc74187b2b0bf6fd7571/pydantic_core-2.33.2-cp313-cp313t-macosx_11_0_arm64.whl", hash = "sha256:61c18fba8e5e9db3ab908620af374db0ac1baa69f0f32df4f61ae23f15e586ac", size = 1806162 },
    { url = "https://files.pythonhosted.org/packages/f1/3d/847b6b1fed9f8ed3bb95a9ad04fbd0b212e832d4f0f50ff4d9ee5a9f15cf/pydantic_core-2.33.2-cp313-cp313t-manylinux_2_17_x86_64.manylinux2014_x86_64.whl", hash = "sha256:95237e53bb015f67b63c91af7518a62a8660376a6a0db19b89acc77a4d6199f5", size = 1981560 },
    { url = "https://files.pythonhosted.org/packages/6f/9a/e73262f6c6656262b5fdd723ad90f518f579b7bc8622e43a942eec53c938/pydantic_core-2.33.2-cp313-cp313t-win_amd64.whl", hash = "sha256:c2fc0a768ef76c15ab9238afa6da7f69895bb5d1ee83aeea2e3509af4472d0b9", size = 1935777 },
    { url = "https://files.pythonhosted.org/packages/7b/27/d4ae6487d73948d6f20dddcd94be4ea43e74349b56eba82e9bdee2d7494c/pydantic_core-2.33.2-pp311-pypy311_pp73-macosx_10_12_x86_64.whl", hash = "sha256:dd14041875d09cc0f9308e37a6f8b65f5585cf2598a53aa0123df8b129d481f8", size = 2025200 },
    { url = "https://files.pythonhosted.org/packages/f1/b8/b3cb95375f05d33801024079b9392a5ab45267a63400bf1866e7ce0f0de4/pydantic_core-2.33.2-pp311-pypy311_pp73-macosx_11_0_arm64.whl", hash = "sha256:d87c561733f66531dced0da6e864f44ebf89a8fba55f31407b00c2f7f9449593", size = 1859123 },
    { url = "https://files.pythonhosted.org/packages/05/bc/0d0b5adeda59a261cd30a1235a445bf55c7e46ae44aea28f7bd6ed46e091/pydantic_core-2.33.2-pp311-pypy311_pp73-manylinux_2_17_aarch64.manylinux2014_aarch64.whl", hash = "sha256:2f82865531efd18d6e07a04a17331af02cb7a651583c418df8266f17a63c6612", size = 1892852 },
    { url = "https://files.pythonhosted.org/packages/3e/11/d37bdebbda2e449cb3f519f6ce950927b56d62f0b84fd9cb9e372a26a3d5/pydantic_core-2.33.2-pp311-pypy311_pp73-manylinux_2_17_x86_64.manylinux2014_x86_64.whl", hash = "sha256:2bfb5112df54209d820d7bf9317c7a6c9025ea52e49f46b6a2060104bba37de7", size = 2067484 },
    { url = "https://files.pythonhosted.org/packages/8c/55/1f95f0a05ce72ecb02a8a8a1c3be0579bbc29b1d5ab68f1378b7bebc5057/pydantic_core-2.33.2-pp311-pypy311_pp73-manylinux_2_5_i686.manylinux1_i686.whl", hash = "sha256:64632ff9d614e5eecfb495796ad51b0ed98c453e447a76bcbeeb69615079fc7e", size = 2108896 },
    { url = "https://files.pythonhosted.org/packages/53/89/2b2de6c81fa131f423246a9109d7b2a375e83968ad0800d6e57d0574629b/pydantic_core-2.33.2-pp311-pypy311_pp73-musllinux_1_1_aarch64.whl", hash = "sha256:f889f7a40498cc077332c7ab6b4608d296d852182211787d4f3ee377aaae66e8", size = 2069475 },
    { url = "https://files.pythonhosted.org/packages/b8/e9/1f7efbe20d0b2b10f6718944b5d8ece9152390904f29a78e68d4e7961159/pydantic_core-2.33.2-pp311-pypy311_pp73-musllinux_1_1_armv7l.whl", hash = "sha256:de4b83bb311557e439b9e186f733f6c645b9417c84e2eb8203f3f820a4b988bf", size = 2239013 },
    { url = "https://files.pythonhosted.org/packages/3c/b2/5309c905a93811524a49b4e031e9851a6b00ff0fb668794472ea7746b448/pydantic_core-2.33.2-pp311-pypy311_pp73-musllinux_1_1_x86_64.whl", hash = "sha256:82f68293f055f51b51ea42fafc74b6aad03e70e191799430b90c13d643059ebb", size = 2238715 },
    { url = "https://files.pythonhosted.org/packages/32/56/8a7ca5d2cd2cda1d245d34b1c9a942920a718082ae8e54e5f3e5a58b7add/pydantic_core-2.33.2-pp311-pypy311_pp73-win_amd64.whl", hash = "sha256:329467cecfb529c925cf2bbd4d60d2c509bc2fb52a20c1045bf09bb70971a9c1", size = 2066757 },
]

[[package]]
name = "python-template"
version = "0.1.0"
source = { virtual = "." }
dependencies = [
    { name = "httpx" },
    { name = "openai" },
]

[package.metadata]
requires-dist = [
    { name = "httpx", specifier = ">=0.28.1" },
    { name = "openai", specifier = ">=1.79.0" },
]

[[package]]
name = "sniffio"
version = "1.3.1"
source = { registry = "https://pypi.org/simple" }
sdist = { url = "https://files.pythonhosted.org/packages/a2/87/a6771e1546d97e7e041b6ae58d80074f81b7d5121207425c964ddf5cfdbd/sniffio-1.3.1.tar.gz", hash = "sha256:f4324edc670a0f49750a81b895f35c3adb843cca46f0530f79fc1babb23789dc", size = 20372 }
wheels = [
    { url = "https://files.pythonhosted.org/packages/e9/44/75a9c9421471a6c4805dbf2356f7c181a29c1879239abab1ea2cc8f38b40/sniffio-1.3.1-py3-none-any.whl", hash = "sha256:2f6da418d1f1e0fddd844478f41680e794e6051915791a034ff65e5f100525a2", size = 10235 },
]

[[package]]
name = "tqdm"
version = "4.67.1"
source = { registry = "https://pypi.org/simple" }
dependencies = [
    { name = "colorama", marker = "sys_platform == 'win32'" },
]
sdist = { url = "https://files.pythonhosted.org/packages/a8/4b/29b4ef32e036bb34e4ab51796dd745cdba7ed47ad142a9f4a1eb8e0c744d/tqdm-4.67.1.tar.gz", hash = "sha256:f8aef9c52c08c13a65f30ea34f4e5aac3fd1a34959879d7e59e63027286627f2", size = 169737 }
wheels = [
    { url = "https://files.pythonhosted.org/packages/d0/30/dc54f88dd4a2b5dc8a0279bdd7270e735851848b762aeb1c1184ed1f6b14/tqdm-4.67.1-py3-none-any.whl", hash = "sha256:26445eca388f82e72884e0d580d5464cd801a3ea01e63e5601bdff9ba6a48de2", size = 78540 },
]

[[package]]
name = "typing-extensions"
version = "4.13.2"
source = { registry = "https://pypi.org/simple" }
sdist = { url = "https://files.pythonhosted.org/packages/f6/37/23083fcd6e35492953e8d2aaaa68b860eb422b34627b13f2ce3eb6106061/typing_extensions-4.13.2.tar.gz", hash = "sha256:e6c81219bd689f51865d9e372991c540bda33a0379d5573cddb9a3a23f7caaef", size = 106967 }
wheels = [
    { url = "https://files.pythonhosted.org/packages/8b/54/b1ae86c0973cc6f0210b53d508ca3641fb6d0c56823f288d108bc7ab3cc8/typing_extensions-4.13.2-py3-none-any.whl", hash = "sha256:a439e7c04b49fec3e5d3e2beaa21755cadbbdc391694e28ccdd36ca4a1408f8c", size = 45806 },
]

[[package]]
name = "typing-inspection"
version = "0.4.0"
source = { registry = "https://pypi.org/simple" }
dependencies = [
    { name = "typing-extensions" },
]
sdist = { url = "https://files.pythonhosted.org/packages/82/5c/e6082df02e215b846b4b8c0b887a64d7d08ffaba30605502639d44c06b82/typing_inspection-0.4.0.tar.gz", hash = "sha256:9765c87de36671694a67904bf2c96e395be9c6439bb6c87b5142569dcdd65122", size = 76222 }
wheels = [
    { url = "https://files.pythonhosted.org/packages/31/08/aa4fdfb71f7de5176385bd9e90852eaf6b5d622735020ad600f2bab54385/typing_inspection-0.4.0-py3-none-any.whl", hash = "sha256:50e72559fcd2a6367a19f7a7e610e6afcb9fac940c650290eed893d61386832f", size = 14125 },
]
